
Microsoft Visual Studio Solution File, Format Version 12.00
# Visual Studio 15
VisualStudioVersion = 15.0.28307.421
MinimumVisualStudioVersion = 10.0.40219.1
Project("{FAE04EC0-301F-11D3-BF4B-00C04F79EFBC}") = "Poker", "Poker\Poker.csproj", "{B4B9C247-2F7C-478C-AD00-7C2BE1C1C512}"
EndProject
Global
	GlobalSection(SolutionConfigurationPlatforms) = preSolution
		Debug|Any CPU = Debug|Any CPU
		Release|Any CPU = Release|Any CPU
	EndGlobalSection
	GlobalSection(ProjectConfigurationPlatforms) = postSolution
		{B4B9C247-2F7C-478C-AD00-7C2BE1C1C512}.Debug|Any CPU.ActiveCfg = Debug|Any CPU
		{B4B9C247-2F7C-478C-AD00-7C2BE1C1C512}.Debug|Any CPU.Build.0 = Debug|Any CPU
		{B4B9C247-2F7C-478C-AD00-7C2BE1C1C512}.Release|Any CPU.ActiveCfg = Release|Any CPU
		{B4B9C247-2F7C-478C-AD00-7C2BE1C1C512}.Release|Any CPU.Build.0 = Release|Any CPU
	EndGlobalSection
	GlobalSection(SolutionProperties) = preSolution
		HideSolutionNode = FALSE
	EndGlobalSection
	GlobalSection(ExtensibilityGlobals) = postSolution
		SolutionGuid = {CBEF2DBA-B353-411A-A5D6-6685107BBD10}
	EndGlobalSection
EndGlobal
